# THIS IS AN AUTOGENERATED FILE. DO NOT EDIT THIS FILE DIRECTLY.
# yarn lockfile v1


"@fortawesome/fontawesome-free@^5.4.2":
  version "5.4.2"
  resolved "https://registry.yarnpkg.com/@fortawesome/fontawesome-free/-/fontawesome-free-5.4.2.tgz#b2d782da69c45ea61954291e2615a8f7741c96b2"
  integrity sha512-lpruVv/4AkKUujyzHCNJ8yOceBf7Na/pFaX52ZI/BFMCYkUEwiQ1P0viZg//+WelrNNEgvMOvCMDEDaOMZ/u1w==
